
Microsoft Visual Studio Solution File, Format Version 12.00
# Visual Studio Version 16
VisualStudioVersion = 16.0.29613.14
MinimumVisualStudioVersion = 10.0.40219.1
Project("{8BC9CEB8-8B4A-11D0-8D11-00A0C91BC942}") = "Statistical Measures", "Statistical Measures\Statistical Measures.vcxproj", "{CCED6EAE-BC79-4B0E-9935-BEA60D685455}"
EndProject
Global
	GlobalSection(SolutionConfigurationPlatforms) = preSolution
		Debug|x64 = Debug|x64
		Release|x64 = Release|x64
	EndGlobalSection
	GlobalSection(ProjectConfigurationPlatforms) = postSolution
		{CCED6EAE-BC79-4B0E-9935-BEA60D685455}.Debug|x64.ActiveCfg = Debug|x64
		{CCED6EAE-BC79-4B0E-9935-BEA60D685455}.Debug|x64.Build.0 = Debug|x64
		{CCED6EAE-BC79-4B0E-9935-BEA60D685455}.Release|x64.ActiveCfg = Release|x64
		{CCED6EAE-BC79-4B0E-9935-BEA60D685455}.Release|x64.Build.0 = Release|x64
	EndGlobalSection
	GlobalSection(SolutionProperties) = preSolution
		HideSolutionNode = FALSE
	EndGlobalSection
	GlobalSection(ExtensibilityGlobals) = postSolution
		SolutionGuid = {6777B523-2462-47AD-ABFD-D4455697561A}
	EndGlobalSection
EndGlobal
